PODS:
  - Flutter (1.0.0)
  - mongo-embedded-c-driver (1.13.0-4.0.4)
  - mongo_embedded (4.0.4)
  - mongoc_embedded (4.0.4):
    - mongo-embedded-c-driver (~> 1.13.0-4.0.4)
    - mongo_embedded (~> 4.0.4)
  - mongodb_mobile (0.0.1):
    - Flutter
  - MongoMobile (0.1.0):
    - mongo_embedded (~> 4.0.4)
    - mongoc_embedded (~> 4.0.4)
    - MongoSwift (~> 0.1.0)
  - MongoSwift (0.1.0):
    - mongo-embedded-c-driver (~> 1.13.0-4.0.0)
  - StitchAWSService (6.0.1):
    - StitchCore (= 6.0.1)
    - StitchCoreAWSService (= 6.0.1)
  - StitchCore (6.0.1):
    - StitchCoreSDK (= 6.0.1)
  - StitchCoreAWSService (6.0.1):
    - StitchCoreSDK (= 6.0.1)
  - StitchCoreFCMService (6.0.1):
    - StitchCoreSDK (= 6.0.1)
  - StitchCoreHTTPService (6.0.1):
    - StitchCoreSDK (= 6.0.1)
  - StitchCoreLocalMongoDBService (6.0.1):
    - MongoMobile (= 0.1.0)
    - StitchCoreSDK (= 6.0.1)
  - StitchCoreRemoteMongoDBService (6.0.1):
    - StitchCoreLocalMongoDBService (= 6.0.1)
    - StitchCoreSDK (= 6.0.1)
  - StitchCoreSDK (6.0.1):
    - MongoSwift (= 0.1.0)
  - StitchCoreTwilioService (6.0.1):
    - StitchCoreSDK (= 6.0.1)
  - StitchFCMService (6.0.1):
    - StitchCore (= 6.0.1)
    - StitchCoreFCMService (= 6.0.1)
  - StitchHTTPService (6.0.1):
    - StitchCore (= 6.0.1)
    - StitchCoreHTTPService (= 6.0.1)
  - StitchRemoteMongoDBService (6.0.1):
    - StitchCore (= 6.0.1)
    - StitchCoreRemoteMongoDBService (= 6.0.1)
  - StitchSDK (6.0.1):
    - StitchSDK/StitchSDK (= 6.0.1)
  - StitchSDK/StitchAWSService (6.0.1):
    - StitchAWSService (= 6.0.1)
  - StitchSDK/StitchFCMService (6.0.1):
    - StitchFCMService (= 6.0.1)
  - StitchSDK/StitchHTTPService (6.0.1):
    - StitchHTTPService (= 6.0.1)
  - StitchSDK/StitchRemoteMongoDBService (6.0.1):
    - StitchRemoteMongoDBService (= 6.0.1)
  - StitchSDK/StitchSDK (6.0.1):
    - StitchSDK/StitchRemoteMongoDBService
  - StitchSDK/StitchTwilioService (6.0.1):
    - StitchTwilioService (= 6.0.1)
  - StitchTwilioService (6.0.1):
    - StitchCore (= 6.0.1)
    - StitchCoreTwilioService (= 6.0.1)

DEPENDENCIES:
  - Flutter (from `.symlinks/flutter/ios`)
  - mongodb_mobile (from `.symlinks/plugins/mongodb_mobile/ios`)
  - StitchSDK (= 6.0.1)
  - StitchSDK/StitchAWSService (= 6.0.1)
  - StitchSDK/StitchFCMService (= 6.0.1)
  - StitchSDK/StitchHTTPService (= 6.0.1)
  - StitchSDK/StitchTwilioService (= 6.0.1)

SPEC REPOS:
  https://github.com/CocoaPods/Specs.git:
    - mongo-embedded-c-driver
    - mongo_embedded
    - mongoc_embedded
    - MongoMobile
    - MongoSwift
    - StitchAWSService
    - StitchCore
    - StitchCoreAWSService
    - StitchCoreFCMService
    - StitchCoreHTTPService
    - StitchCoreLocalMongoDBService
    - StitchCoreRemoteMongoDBService
    - StitchCoreSDK
    - StitchCoreTwilioService
    - StitchFCMService
    - StitchHTTPService
    - StitchRemoteMongoDBService
    - StitchSDK
    - StitchTwilioService

EXTERNAL SOURCES:
  Flutter:
    :path: ".symlinks/flutter/ios"
  mongodb_mobile:
    :path: ".symlinks/plugins/mongodb_mobile/ios"

SPEC CHECKSUMS:
  Flutter: 9d0fac939486c9aba2809b7982dfdbb47a7b0296
  mongo-embedded-c-driver: b46360baa15fc142baae80628822f26663220bde
  mongo_embedded: e413134eb6b60544e7278add03007f8fe384a00c
  mongoc_embedded: 41aadbb756b07070d6f0471192a84750cb42c580
  mongodb_mobile: 9f75f6e254d7b7753b7e923f60d041de715efd19
  MongoMobile: 988e8d2fd322761d6358570dde8a2b3d44801823
  MongoSwift: e20f86eae1beb06bbba49c2d73bb570961cc4c85
  StitchAWSService: 75566bb1fc5d37c000fd031c1c2ded181e23fe88
  StitchCore: 9e5c62bb7069254af142e0ef18aae8a484e1b6d8
  StitchCoreAWSService: 1308565c678f95006138fe3a101f41d6fb975a3d
  StitchCoreFCMService: c1dc1bde14e57fe50a75ef51611ddaf01a497701
  StitchCoreHTTPService: 98bcf9d799c16a07b99b6569e6ed7a1b9ab6e535
  StitchCoreLocalMongoDBService: e085bee742eecaf9d30a8999fdf9f5e814856c8b
  StitchCoreRemoteMongoDBService: 54db4d87f05146784294ed3f5c953bdf7eef4a40
  StitchCoreSDK: 3d50f074d322ee1d1b087d319e6b3ccb7b892f26
  StitchCoreTwilioService: f008d04fcafd3cabae5886f0eb65a05a352cc656
  StitchFCMService: 9ea3706d32bd96ec39f73d339f20e66077f5d8c7
  StitchHTTPService: 6844c3c4082bbca81ffc85be3ea115813a2f1909
  StitchRemoteMongoDBService: e31d88bb2e8ad451f0929bd64062601852dfdc24
  StitchSDK: 871fd2d6e1b6a0652e40ad7aa5007c925e47cecc
  StitchTwilioService: 90a0a212d9f55c302d0cdb739363e30ce9d5eed5

PODFILE CHECKSUM: 9094740784c106c1ad0cb435aa6a8b66c6a24757

COCOAPODS: 1.5.0
